
Microsoft Visual Studio Solution File, Format Version 12.00
# Visual Studio Version 17
VisualStudioVersion = 17.14.37012.4
MinimumVisualStudioVersion = 10.0.40219.1
Project("{FAE04EC0-301F-11D3-BF4B-00C04F79EFBC}") = "Ingressinhos.Domain", "Ingressinhos.Domain\Ingressinhos.Domain.csproj", "{6759A26B-4B1E-445B-809E-4F1DBBF3C1A9}"
EndProject
Project("{FAE04EC0-301F-11D3-BF4B-00C04F79EFBC}") = "Ingressinhos.Application", "Ingressinhos.Application\Ingressinhos.Application.csproj", "{95E61175-95B5-4413-9DE9-CB7359A2E873}"
EndProject
Project("{FAE04EC0-301F-11D3-BF4B-00C04F79EFBC}") = "Ingressinhos.Infrastructure", "Ingressinhos.Infrastructure\Ingressinhos.Infrastructure.csproj", "{D95219DF-F460-4EF6-A795-EFB9C23CC937}"
EndProject
Project("{FAE04EC0-301F-11D3-BF4B-00C04F79EFBC}") = "Auth.Domain", "Auth.Domain\Auth.Domain.csproj", "{56324F26-9477-4F8E-B6C5-4669DAEE7A09}"
EndProject
Project("{FAE04EC0-301F-11D3-BF4B-00C04F79EFBC}") = "Generic.Domain", "Generic.Domain\Generic.Domain.csproj", "{17B172EF-C181-4C3B-B941-E08F07421FCC}"
EndProject
Project("{FAE04EC0-301F-11D3-BF4B-00C04F79EFBC}") = "Generic.Infrastructure", "Generic.Infrastructure\Generic.Infrastructure.csproj", "{3EB9B5D3-8CC6-4402-84BD-33F5D232A16C}"
EndProject
Project("{2150E333-8FDC-42A3-9474-1A3956D46DE8}") = "Generic", "Generic", "{02EA681E-C7D8-13C7-8484-4AC65E1B71E8}"
EndProject
Project("{2150E333-8FDC-42A3-9474-1A3956D46DE8}") = "Auth", "Auth", "{23C3676B-6C26-48DD-94E8-0ACFA89E20C1}"
EndProject
Project("{2150E333-8FDC-42A3-9474-1A3956D46DE8}") = "Ingressinhos", "Ingressinhos", "{EBCB4C70-42ED-4B68-AAD8-ED7CB3D81498}"
EndProject
Project("{FAE04EC0-301F-11D3-BF4B-00C04F79EFBC}") = "Generic.Application", "Generic.Application\Generic.Application.csproj", "{E20C0962-5ACA-4B0B-A49E-07CF26A756DB}"
EndProject
Project("{FAE04EC0-301F-11D3-BF4B-00C04F79EFBC}") = "Ingressinhos.API", "Ingressinhos.API\Ingressinhos.API.csproj", "{08AAD12E-9C99-4F06-B51C-B8E572CE733D}"
EndProject
Project("{FAE04EC0-301F-11D3-BF4B-00C04F79EFBC}") = "Generic.Api", "Generic.Api\Generic.Api.csproj", "{C851E50F-C8A6-456A-B00E-10F7CC912953}"
EndProject
Project("{FAE04EC0-301F-11D3-BF4B-00C04F79EFBC}") = "Auth.Application", "Auth.Application\Auth.Application.csproj", "{4A6B2C84-98AF-41DC-BA38-A3833EACB802}"
EndProject
Project("{FAE04EC0-301F-11D3-BF4B-00C04F79EFBC}") = "Auth.Infrastructure", "Auth.Infrastructure\Auth.Infrastructure.csproj", "{AA1F054B-24DF-4912-8380-5A745ACC406E}"
EndProject
Project("{FAE04EC0-301F-11D3-BF4B-00C04F79EFBC}") = "Auth.API", "Auth.API\Auth.API.csproj", "{D87BA77B-F8AA-4E5B-88B1-5BCFC47CC2E0}"
EndProject
Global
	GlobalSection(SolutionConfigurationPlatforms) = preSolution
		Debug|Any CPU = Debug|Any CPU
		Debug|x64 = Debug|x64
		Debug|x86 = Debug|x86
		Release|Any CPU = Release|Any CPU
		Release|x64 = Release|x64
		Release|x86 = Release|x86
	EndGlobalSection
	GlobalSection(ProjectConfigurationPlatforms) = postSolution
		{6759A26B-4B1E-445B-809E-4F1DBBF3C1A9}.Debug|Any CPU.ActiveCfg = Debug|Any CPU
		{6759A26B-4B1E-445B-809E-4F1DBBF3C1A9}.Debug|Any CPU.Build.0 = Debug|Any CPU
		{6759A26B-4B1E-445B-809E-4F1DBBF3C1A9}.Debug|x64.ActiveCfg = Debug|Any CPU
		{6759A26B-4B1E-445B-809E-4F1DBBF3C1A9}.Debug|x64.Build.0 = Debug|Any CPU
		{6759A26B-4B1E-445B-809E-4F1DBBF3C1A9}.Debug|x86.ActiveCfg = Debug|Any CPU
		{6759A26B-4B1E-445B-809E-4F1DBBF3C1A9}.Debug|x86.Build.0 = Debug|Any CPU
		{6759A26B-4B1E-445B-809E-4F1DBBF3C1A9}.Release|Any CPU.ActiveCfg = Release|Any CPU
		{6759A26B-4B1E-445B-809E-4F1DBBF3C1A9}.Release|Any CPU.Build.0 = Release|Any CPU
		{6759A26B-4B1E-445B-809E-4F1DBBF3C1A9}.Release|x64.ActiveCfg = Release|Any CPU
		{6759A26B-4B1E-445B-809E-4F1DBBF3C1A9}.Release|x64.Build.0 = Release|Any CPU
		{6759A26B-4B1E-445B-809E-4F1DBBF3C1A9}.Release|x86.ActiveCfg = Release|Any CPU
		{6759A26B-4B1E-445B-809E-4F1DBBF3C1A9}.Release|x86.Build.0 = Release|Any CPU
		{95E61175-95B5-4413-9DE9-CB7359A2E873}.Debug|Any CPU.ActiveCfg = Debug|Any CPU
		{95E61175-95B5-4413-9DE9-CB7359A2E873}.Debug|Any CPU.Build.0 = Debug|Any CPU
		{95E61175-95B5-4413-9DE9-CB7359A2E873}.Debug|x64.ActiveCfg = Debug|Any CPU
		{95E61175-95B5-4413-9DE9-CB7359A2E873}.Debug|x64.Build.0 = Debug|Any CPU
		{95E61175-95B5-4413-9DE9-CB7359A2E873}.Debug|x86.ActiveCfg = Debug|Any CPU
		{95E61175-95B5-4413-9DE9-CB7359A2E873}.Debug|x86.Build.0 = Debug|Any CPU
		{95E61175-95B5-4413-9DE9-CB7359A2E873}.Release|Any CPU.ActiveCfg = Release|Any CPU
		{95E61175-95B5-4413-9DE9-CB7359A2E873}.Release|Any CPU.Build.0 = Release|Any CPU
		{95E61175-95B5-4413-9DE9-CB7359A2E873}.Release|x64.ActiveCfg = Release|Any CPU
		{95E61175-95B5-4413-9DE9-CB7359A2E873}.Release|x64.Build.0 = Release|Any CPU
		{95E61175-95B5-4413-9DE9-CB7359A2E873}.Release|x86.ActiveCfg = Release|Any CPU
		{95E61175-95B5-4413-9DE9-CB7359A2E873}.Release|x86.Build.0 = Release|Any CPU
		{D95219DF-F460-4EF6-A795-EFB9C23CC937}.Debug|Any CPU.ActiveCfg = Debug|Any CPU
		{D95219DF-F460-4EF6-A795-EFB9C23CC937}.Debug|Any CPU.Build.0 = Debug|Any CPU
		{D95219DF-F460-4EF6-A795-EFB9C23CC937}.Debug|x64.ActiveCfg = Debug|Any CPU
		{D95219DF-F460-4EF6-A795-EFB9C23CC937}.Debug|x64.Build.0 = Debug|Any CPU
		{D95219DF-F460-4EF6-A795-EFB9C23CC937}.Debug|x86.ActiveCfg = Debug|Any CPU
		{D95219DF-F460-4EF6-A795-EFB9C23CC937}.Debug|x86.Build.0 = Debug|Any CPU
		{D95219DF-F460-4EF6-A795-EFB9C23CC937}.Release|Any CPU.ActiveCfg = Release|Any CPU
		{D95219DF-F460-4EF6-A795-EFB9C23CC937}.Release|Any CPU.Build.0 = Release|Any CPU
		{D95219DF-F460-4EF6-A795-EFB9C23CC937}.Release|x64.ActiveCfg = Release|Any CPU
		{D95219DF-F460-4EF6-A795-EFB9C23CC937}.Release|x64.Build.0 = Release|Any CPU
		{D95219DF-F460-4EF6-A795-EFB9C23CC937}.Release|x86.ActiveCfg = Release|Any CPU
		{D95219DF-F460-4EF6-A795-EFB9C23CC937}.Release|x86.Build.0 = Release|Any CPU
		{56324F26-9477-4F8E-B6C5-4669DAEE7A09}.Debug|Any CPU.ActiveCfg = Debug|Any CPU
		{56324F26-9477-4F8E-B6C5-4669DAEE7A09}.Debug|Any CPU.Build.0 = Debug|Any CPU
		{56324F26-9477-4F8E-B6C5-4669DAEE7A09}.Debug|x64.ActiveCfg = Debug|Any CPU
		{56324F26-9477-4F8E-B6C5-4669DAEE7A09}.Debug|x64.Build.0 = Debug|Any CPU
		{56324F26-9477-4F8E-B6C5-4669DAEE7A09}.Debug|x86.ActiveCfg = Debug|Any CPU
		{56324F26-9477-4F8E-B6C5-4669DAEE7A09}.Debug|x86.Build.0 = Debug|Any CPU
		{56324F26-9477-4F8E-B6C5-4669DAEE7A09}.Release|Any CPU.ActiveCfg = Release|Any CPU
		{56324F26-9477-4F8E-B6C5-4669DAEE7A09}.Release|Any CPU.Build.0 = Release|Any CPU
		{56324F26-9477-4F8E-B6C5-4669DAEE7A09}.Release|x64.ActiveCfg = Release|Any CPU
		{56324F26-9477-4F8E-B6C5-4669DAEE7A09}.Release|x64.Build.0 = Release|Any CPU
		{56324F26-9477-4F8E-B6C5-4669DAEE7A09}.Release|x86.ActiveCfg = Release|Any CPU
		{56324F26-9477-4F8E-B6C5-4669DAEE7A09}.Release|x86.Build.0 = Release|Any CPU
		{17B172EF-C181-4C3B-B941-E08F07421FCC}.Debug|Any CPU.ActiveCfg = Debug|Any CPU
		{17B172EF-C181-4C3B-B941-E08F07421FCC}.Debug|Any CPU.Build.0 = Debug|Any CPU
		{17B172EF-C181-4C3B-B941-E08F07421FCC}.Debug|x64.ActiveCfg = Debug|Any CPU
		{17B172EF-C181-4C3B-B941-E08F07421FCC}.Debug|x64.Build.0 = Debug|Any CPU
		{17B172EF-C181-4C3B-B941-E08F07421FCC}.Debug|x86.ActiveCfg = Debug|Any CPU
		{17B172EF-C181-4C3B-B941-E08F07421FCC}.Debug|x86.Build.0 = Debug|Any CPU
		{17B172EF-C181-4C3B-B941-E08F07421FCC}.Release|Any CPU.ActiveCfg = Release|Any CPU
		{17B172EF-C181-4C3B-B941-E08F07421FCC}.Release|Any CPU.Build.0 = Release|Any CPU
		{17B172EF-C181-4C3B-B941-E08F07421FCC}.Release|x64.ActiveCfg = Release|Any CPU
		{17B172EF-C181-4C3B-B941-E08F07421FCC}.Release|x64.Build.0 = Release|Any CPU
		{17B172EF-C181-4C3B-B941-E08F07421FCC}.Release|x86.ActiveCfg = Release|Any CPU
		{17B172EF-C181-4C3B-B941-E08F07421FCC}.Release|x86.Build.0 = Release|Any CPU
		{3EB9B5D3-8CC6-4402-84BD-33F5D232A16C}.Debug|Any CPU.ActiveCfg = Debug|Any CPU
		{3EB9B5D3-8CC6-4402-84BD-33F5D232A16C}.Debug|Any CPU.Build.0 = Debug|Any CPU
		{3EB9B5D3-8CC6-4402-84BD-33F5D232A16C}.Debug|x64.ActiveCfg = Debug|Any CPU
		{3EB9B5D3-8CC6-4402-84BD-33F5D232A16C}.Debug|x64.Build.0 = Debug|Any CPU
		{3EB9B5D3-8CC6-4402-84BD-33F5D232A16C}.Debug|x86.ActiveCfg = Debug|Any CPU
		{3EB9B5D3-8CC6-4402-84BD-33F5D232A16C}.Debug|x86.Build.0 = Debug|Any CPU
		{3EB9B5D3-8CC6-4402-84BD-33F5D232A16C}.Release|Any CPU.ActiveCfg = Release|Any CPU
		{3EB9B5D3-8CC6-4402-84BD-33F5D232A16C}.Release|Any CPU.Build.0 = Release|Any CPU
		{3EB9B5D3-8CC6-4402-84BD-33F5D232A16C}.Release|x64.ActiveCfg = Release|Any CPU
		{3EB9B5D3-8CC6-4402-84BD-33F5D232A16C}.Release|x64.Build.0 = Release|Any CPU
		{3EB9B5D3-8CC6-4402-84BD-33F5D232A16C}.Release|x86.ActiveCfg = Release|Any CPU
		{3EB9B5D3-8CC6-4402-84BD-33F5D232A16C}.Release|x86.Build.0 = Release|Any CPU
		{E20C0962-5ACA-4B0B-A49E-07CF26A756DB}.Debug|Any CPU.ActiveCfg = Debug|Any CPU
		{E20C0962-5ACA-4B0B-A49E-07CF26A756DB}.Debug|Any CPU.Build.0 = Debug|Any CPU
		{E20C0962-5ACA-4B0B-A49E-07CF26A756DB}.Debug|x64.ActiveCfg = Debug|Any CPU
		{E20C0962-5ACA-4B0B-A49E-07CF26A756DB}.Debug|x64.Build.0 = Debug|Any CPU
		{E20C0962-5ACA-4B0B-A49E-07CF26A756DB}.Debug|x86.ActiveCfg = Debug|Any CPU
		{E20C0962-5ACA-4B0B-A49E-07CF26A756DB}.Debug|x86.Build.0 = Debug|Any CPU
		{E20C0962-5ACA-4B0B-A49E-07CF26A756DB}.Release|Any CPU.ActiveCfg = Release|Any CPU
		{E20C0962-5ACA-4B0B-A49E-07CF26A756DB}.Release|Any CPU.Build.0 = Release|Any CPU
		{E20C0962-5ACA-4B0B-A49E-07CF26A756DB}.Release|x64.ActiveCfg = Release|Any CPU
		{E20C0962-5ACA-4B0B-A49E-07CF26A756DB}.Release|x64.Build.0 = Release|Any CPU
		{E20C0962-5ACA-4B0B-A49E-07CF26A756DB}.Release|x86.ActiveCfg = Release|Any CPU
		{E20C0962-5ACA-4B0B-A49E-07CF26A756DB}.Release|x86.Build.0 = Release|Any CPU
		{08AAD12E-9C99-4F06-B51C-B8E572CE733D}.Debug|Any CPU.ActiveCfg = Debug|Any CPU
		{08AAD12E-9C99-4F06-B51C-B8E572CE733D}.Debug|Any CPU.Build.0 = Debug|Any CPU
		{08AAD12E-9C99-4F06-B51C-B8E572CE733D}.Debug|x64.ActiveCfg = Debug|Any CPU
		{08AAD12E-9C99-4F06-B51C-B8E572CE733D}.Debug|x64.Build.0 = Debug|Any CPU
		{08AAD12E-9C99-4F06-B51C-B8E572CE733D}.Debug|x86.ActiveCfg = Debug|Any CPU
		{08AAD12E-9C99-4F06-B51C-B8E572CE733D}.Debug|x86.Build.0 = Debug|Any CPU
		{08AAD12E-9C99-4F06-B51C-B8E572CE733D}.Release|Any CPU.ActiveCfg = Release|Any CPU
		{08AAD12E-9C99-4F06-B51C-B8E572CE733D}.Release|Any CPU.Build.0 = Release|Any CPU
		{08AAD12E-9C99-4F06-B51C-B8E572CE733D}.Release|x64.ActiveCfg = Release|Any CPU
		{08AAD12E-9C99-4F06-B51C-B8E572CE733D}.Release|x64.Build.0 = Release|Any CPU
		{08AAD12E-9C99-4F06-B51C-B8E572CE733D}.Release|x86.ActiveCfg = Release|Any CPU
		{08AAD12E-9C99-4F06-B51C-B8E572CE733D}.Release|x86.Build.0 = Release|Any CPU
		{C851E50F-C8A6-456A-B00E-10F7CC912953}.Debug|Any CPU.ActiveCfg = Debug|Any CPU
		{C851E50F-C8A6-456A-B00E-10F7CC912953}.Debug|Any CPU.Build.0 = Debug|Any CPU
		{C851E50F-C8A6-456A-B00E-10F7CC912953}.Debug|x64.ActiveCfg = Debug|Any CPU
		{C851E50F-C8A6-456A-B00E-10F7CC912953}.Debug|x64.Build.0 = Debug|Any CPU
		{C851E50F-C8A6-456A-B00E-10F7CC912953}.Debug|x86.ActiveCfg = Debug|Any CPU
		{C851E50F-C8A6-456A-B00E-10F7CC912953}.Debug|x86.Build.0 = Debug|Any CPU
		{C851E50F-C8A6-456A-B00E-10F7CC912953}.Release|Any CPU.ActiveCfg = Release|Any CPU
		{C851E50F-C8A6-456A-B00E-10F7CC912953}.Release|Any CPU.Build.0 = Release|Any CPU
		{C851E50F-C8A6-456A-B00E-10F7CC912953}.Release|x64.ActiveCfg = Release|Any CPU
		{C851E50F-C8A6-456A-B00E-10F7CC912953}.Release|x64.Build.0 = Release|Any CPU
		{C851E50F-C8A6-456A-B00E-10F7CC912953}.Release|x86.ActiveCfg = Release|Any CPU
		{C851E50F-C8A6-456A-B00E-10F7CC912953}.Release|x86.Build.0 = Release|Any CPU
		{4A6B2C84-98AF-41DC-BA38-A3833EACB802}.Debug|Any CPU.ActiveCfg = Debug|Any CPU
		{4A6B2C84-98AF-41DC-BA38-A3833EACB802}.Debug|Any CPU.Build.0 = Debug|Any CPU
		{4A6B2C84-98AF-41DC-BA38-A3833EACB802}.Debug|x64.ActiveCfg = Debug|Any CPU
		{4A6B2C84-98AF-41DC-BA38-A3833EACB802}.Debug|x64.Build.0 = Debug|Any CPU
		{4A6B2C84-98AF-41DC-BA38-A3833EACB802}.Debug|x86.ActiveCfg = Debug|Any CPU
		{4A6B2C84-98AF-41DC-BA38-A3833EACB802}.Debug|x86.Build.0 = Debug|Any CPU
		{4A6B2C84-98AF-41DC-BA38-A3833EACB802}.Release|Any CPU.ActiveCfg = Release|Any CPU
		{4A6B2C84-98AF-41DC-BA38-A3833EACB802}.Release|Any CPU.Build.0 = Release|Any CPU
		{4A6B2C84-98AF-41DC-BA38-A3833EACB802}.Release|x64.ActiveCfg = Release|Any CPU
		{4A6B2C84-98AF-41DC-BA38-A3833EACB802}.Release|x64.Build.0 = Release|Any CPU
		{4A6B2C84-98AF-41DC-BA38-A3833EACB802}.Release|x86.ActiveCfg = Release|Any CPU
		{4A6B2C84-98AF-41DC-BA38-A3833EACB802}.Release|x86.Build.0 = Release|Any CPU
		{AA1F054B-24DF-4912-8380-5A745ACC406E}.Debug|Any CPU.ActiveCfg = Debug|Any CPU
		{AA1F054B-24DF-4912-8380-5A745ACC406E}.Debug|Any CPU.Build.0 = Debug|Any CPU
		{AA1F054B-24DF-4912-8380-5A745ACC406E}.Debug|x64.ActiveCfg = Debug|Any CPU
		{AA1F054B-24DF-4912-8380-5A745ACC406E}.Debug|x64.Build.0 = Debug|Any CPU
		{AA1F054B-24DF-4912-8380-5A745ACC406E}.Debug|x86.ActiveCfg = Debug|Any CPU
		{AA1F054B-24DF-4912-8380-5A745ACC406E}.Debug|x86.Build.0 = Debug|Any CPU
		{AA1F054B-24DF-4912-8380-5A745ACC406E}.Release|Any CPU.ActiveCfg = Release|Any CPU
		{AA1F054B-24DF-4912-8380-5A745ACC406E}.Release|Any CPU.Build.0 = Release|Any CPU
		{AA1F054B-24DF-4912-8380-5A745ACC406E}.Release|x64.ActiveCfg = Release|Any CPU
		{AA1F054B-24DF-4912-8380-5A745ACC406E}.Release|x64.Build.0 = Release|Any CPU
		{AA1F054B-24DF-4912-8380-5A745ACC406E}.Release|x86.ActiveCfg = Release|Any CPU
		{AA1F054B-24DF-4912-8380-5A745ACC406E}.Release|x86.Build.0 = Release|Any CPU
		{D87BA77B-F8AA-4E5B-88B1-5BCFC47CC2E0}.Debug|Any CPU.ActiveCfg = Debug|Any CPU
		{D87BA77B-F8AA-4E5B-88B1-5BCFC47CC2E0}.Debug|Any CPU.Build.0 = Debug|Any CPU
		{D87BA77B-F8AA-4E5B-88B1-5BCFC47CC2E0}.Debug|x64.ActiveCfg = Debug|Any CPU
		{D87BA77B-F8AA-4E5B-88B1-5BCFC47CC2E0}.Debug|x64.Build.0 = Debug|Any CPU
		{D87BA77B-F8AA-4E5B-88B1-5BCFC47CC2E0}.Debug|x86.ActiveCfg = Debug|Any CPU
		{D87BA77B-F8AA-4E5B-88B1-5BCFC47CC2E0}.Debug|x86.Build.0 = Debug|Any CPU
		{D87BA77B-F8AA-4E5B-88B1-5BCFC47CC2E0}.Release|Any CPU.ActiveCfg = Release|Any CPU
		{D87BA77B-F8AA-4E5B-88B1-5BCFC47CC2E0}.Release|Any CPU.Build.0 = Release|Any CPU
		{D87BA77B-F8AA-4E5B-88B1-5BCFC47CC2E0}.Release|x64.ActiveCfg = Release|Any CPU
		{D87BA77B-F8AA-4E5B-88B1-5BCFC47CC2E0}.Release|x64.Build.0 = Release|Any CPU
		{D87BA77B-F8AA-4E5B-88B1-5BCFC47CC2E0}.Release|x86.ActiveCfg = Release|Any CPU
		{D87BA77B-F8AA-4E5B-88B1-5BCFC47CC2E0}.Release|x86.Build.0 = Release|Any CPU
	EndGlobalSection
	GlobalSection(SolutionProperties) = preSolution
		HideSolutionNode = FALSE
	EndGlobalSection
	GlobalSection(NestedProjects) = preSolution
		{6759A26B-4B1E-445B-809E-4F1DBBF3C1A9} = {EBCB4C70-42ED-4B68-AAD8-ED7CB3D81498}
		{95E61175-95B5-4413-9DE9-CB7359A2E873} = {EBCB4C70-42ED-4B68-AAD8-ED7CB3D81498}
		{D95219DF-F460-4EF6-A795-EFB9C23CC937} = {EBCB4C70-42ED-4B68-AAD8-ED7CB3D81498}
		{56324F26-9477-4F8E-B6C5-4669DAEE7A09} = {23C3676B-6C26-48DD-94E8-0ACFA89E20C1}
		{17B172EF-C181-4C3B-B941-E08F07421FCC} = {02EA681E-C7D8-13C7-8484-4AC65E1B71E8}
		{3EB9B5D3-8CC6-4402-84BD-33F5D232A16C} = {02EA681E-C7D8-13C7-8484-4AC65E1B71E8}
		{E20C0962-5ACA-4B0B-A49E-07CF26A756DB} = {02EA681E-C7D8-13C7-8484-4AC65E1B71E8}
		{08AAD12E-9C99-4F06-B51C-B8E572CE733D} = {EBCB4C70-42ED-4B68-AAD8-ED7CB3D81498}
		{C851E50F-C8A6-456A-B00E-10F7CC912953} = {02EA681E-C7D8-13C7-8484-4AC65E1B71E8}
		{4A6B2C84-98AF-41DC-BA38-A3833EACB802} = {23C3676B-6C26-48DD-94E8-0ACFA89E20C1}
		{AA1F054B-24DF-4912-8380-5A745ACC406E} = {23C3676B-6C26-48DD-94E8-0ACFA89E20C1}
		{D87BA77B-F8AA-4E5B-88B1-5BCFC47CC2E0} = {23C3676B-6C26-48DD-94E8-0ACFA89E20C1}
	EndGlobalSection
	GlobalSection(ExtensibilityGlobals) = postSolution
		SolutionGuid = {01B3BCEE-351C-4177-A6AD-D58B4050C57F}
	EndGlobalSection
EndGlobal
