
Microsoft Visual Studio Solution File, Format Version 12.00
Project("{FAE04EC0-301F-11D3-BF4B-00C04F79EFBC}") = "Ingressinhos.Domain", "Ingressinhos.Domain\Ingressinhos.Domain.csproj", "{6759A26B-4B1E-445B-809E-4F1DBBF3C1A9}"
EndProject
Project("{FAE04EC0-301F-11D3-BF4B-00C04F79EFBC}") = "Generic.Domain", "Generic.Domain\Generic.Domain.csproj", "{19C4126B-6133-488F-9675-3476D2429C24}"
EndProject
Project("{FAE04EC0-301F-11D3-BF4B-00C04F79EFBC}") = "Ingressinhos.Application", "Ingressinhos.Application\Ingressinhos.Application.csproj", "{95E61175-95B5-4413-9DE9-CB7359A2E873}"
EndProject
Project("{FAE04EC0-301F-11D3-BF4B-00C04F79EFBC}") = "Ingressinhos.Infrastructure", "Ingressinhos.Infrastructure\Ingressinhos.Infrastructure.csproj", "{D95219DF-F460-4EF6-A795-EFB9C23CC937}"
EndProject
Global
	GlobalSection(SolutionConfigurationPlatforms) = preSolution
		Debug|Any CPU = Debug|Any CPU
		Release|Any CPU = Release|Any CPU
	EndGlobalSection
	GlobalSection(ProjectConfigurationPlatforms) = postSolution
		{6759A26B-4B1E-445B-809E-4F1DBBF3C1A9}.Debug|Any CPU.ActiveCfg = Debug|Any CPU
		{6759A26B-4B1E-445B-809E-4F1DBBF3C1A9}.Debug|Any CPU.Build.0 = Debug|Any CPU
		{6759A26B-4B1E-445B-809E-4F1DBBF3C1A9}.Release|Any CPU.ActiveCfg = Release|Any CPU
		{6759A26B-4B1E-445B-809E-4F1DBBF3C1A9}.Release|Any CPU.Build.0 = Release|Any CPU
		{19C4126B-6133-488F-9675-3476D2429C24}.Debug|Any CPU.ActiveCfg = Debug|Any CPU
		{19C4126B-6133-488F-9675-3476D2429C24}.Debug|Any CPU.Build.0 = Debug|Any CPU
		{19C4126B-6133-488F-9675-3476D2429C24}.Release|Any CPU.ActiveCfg = Release|Any CPU
		{19C4126B-6133-488F-9675-3476D2429C24}.Release|Any CPU.Build.0 = Release|Any CPU
		{95E61175-95B5-4413-9DE9-CB7359A2E873}.Debug|Any CPU.ActiveCfg = Debug|Any CPU
		{95E61175-95B5-4413-9DE9-CB7359A2E873}.Debug|Any CPU.Build.0 = Debug|Any CPU
		{95E61175-95B5-4413-9DE9-CB7359A2E873}.Release|Any CPU.ActiveCfg = Release|Any CPU
		{95E61175-95B5-4413-9DE9-CB7359A2E873}.Release|Any CPU.Build.0 = Release|Any CPU
		{D95219DF-F460-4EF6-A795-EFB9C23CC937}.Debug|Any CPU.ActiveCfg = Debug|Any CPU
		{D95219DF-F460-4EF6-A795-EFB9C23CC937}.Debug|Any CPU.Build.0 = Debug|Any CPU
		{D95219DF-F460-4EF6-A795-EFB9C23CC937}.Release|Any CPU.ActiveCfg = Release|Any CPU
		{D95219DF-F460-4EF6-A795-EFB9C23CC937}.Release|Any CPU.Build.0 = Release|Any CPU
	EndGlobalSection
EndGlobal
