Microsoft Visual Studio Solution File, Format Version 12.00
# Visual Studio Version 17
VisualStudioVersion = 17.5.2.0
MinimumVisualStudioVersion = 10.0.40219.1
Project("{FAE04EC0-301F-11D3-BF4B-00C04F79EFBC}") = "Ingressinhos.Domain", "Ingressinhos.Domain.csproj", "{D1A33E6C-7132-121A-10CC-81130FEDB897}"
EndProject
Global
	GlobalSection(SolutionConfigurationPlatforms) = preSolution
		Debug|Any CPU = Debug|Any CPU
		Release|Any CPU = Release|Any CPU
	EndGlobalSection
	GlobalSection(ProjectConfigurationPlatforms) = postSolution
		{D1A33E6C-7132-121A-10CC-81130FEDB897}.Debug|Any CPU.ActiveCfg = Debug|Any CPU
		{D1A33E6C-7132-121A-10CC-81130FEDB897}.Debug|Any CPU.Build.0 = Debug|Any CPU
		{D1A33E6C-7132-121A-10CC-81130FEDB897}.Release|Any CPU.ActiveCfg = Release|Any CPU
		{D1A33E6C-7132-121A-10CC-81130FEDB897}.Release|Any CPU.Build.0 = Release|Any CPU
	EndGlobalSection
	GlobalSection(SolutionProperties) = preSolution
		HideSolutionNode = FALSE
	EndGlobalSection
	GlobalSection(ExtensibilityGlobals) = postSolution
		SolutionGuid = {EBDE4D90-9086-4161-9D68-4DB40E95FCF4}
	EndGlobalSection
EndGlobal
